
Microsoft Visual Studio Solution File, Format Version 10.00
# Visual Studio 2008
Project("{FAE04EC0-301F-11D3-BF4B-00C04F79EFBC}") = "LibraryMIS", "LibraryMIS\LibraryMIS.csproj", "{93432777-F57A-411E-810F-D85D24F3C583}"
EndProject
Project("{FAE04EC0-301F-11D3-BF4B-00C04F79EFBC}") = "Common", "Common\Common.csproj", "{47B79D8C-AEDA-4772-9FF1-0DBE3BD6592D}"
EndProject
Global
	GlobalSection(SolutionConfigurationPlatforms) = preSolution
		Debug|Any CPU = Debug|Any CPU
		Release|Any CPU = Release|Any CPU
	EndGlobalSection
	GlobalSection(ProjectConfigurationPlatforms) = postSolution
		{93432777-F57A-411E-810F-D85D24F3C583}.Debug|Any CPU.ActiveCfg = Debug|Any CPU
		{93432777-F57A-411E-810F-D85D24F3C583}.Debug|Any CPU.Build.0 = Debug|Any CPU
		{93432777-F57A-411E-810F-D85D24F3C583}.Release|Any CPU.ActiveCfg = Release|Any CPU
		{93432777-F57A-411E-810F-D85D24F3C583}.Release|Any CPU.Build.0 = Release|Any CPU
		{47B79D8C-AEDA-4772-9FF1-0DBE3BD6592D}.Debug|Any CPU.ActiveCfg = Debug|Any CPU
		{47B79D8C-AEDA-4772-9FF1-0DBE3BD6592D}.Debug|Any CPU.Build.0 = Debug|Any CPU
		{47B79D8C-AEDA-4772-9FF1-0DBE3BD6592D}.Release|Any CPU.ActiveCfg = Release|Any CPU
		{47B79D8C-AEDA-4772-9FF1-0DBE3BD6592D}.Release|Any CPU.Build.0 = Release|Any CPU
	EndGlobalSection
	GlobalSection(SolutionProperties) = preSolution
		HideSolutionNode = FALSE
	EndGlobalSection
EndGlobal
